
Microsoft Visual Studio Solution File, Format Version 12.00
# Visual Studio Version 17
VisualStudioVersion = 17.14.36202.13 d17.14
MinimumVisualStudioVersion = 10.0.40219.1
Project("{FAE04EC0-301F-11D3-BF4B-00C04F79EFBC}") = "metodo de sumar", "metodo de sumar\metodo de sumar.csproj", "{2D9FD483-E0F6-4499-AD12-4F48DDDF95EC}"
EndProject
Global
	GlobalSection(SolutionConfigurationPlatforms) = preSolution
		Debug|Any CPU = Debug|Any CPU
		Release|Any CPU = Release|Any CPU
	EndGlobalSection
	GlobalSection(ProjectConfigurationPlatforms) = postSolution
		{2D9FD483-E0F6-4499-AD12-4F48DDDF95EC}.Debug|Any CPU.ActiveCfg = Debug|Any CPU
		{2D9FD483-E0F6-4499-AD12-4F48DDDF95EC}.Debug|Any CPU.Build.0 = Debug|Any CPU
		{2D9FD483-E0F6-4499-AD12-4F48DDDF95EC}.Release|Any CPU.ActiveCfg = Release|Any CPU
		{2D9FD483-E0F6-4499-AD12-4F48DDDF95EC}.Release|Any CPU.Build.0 = Release|Any CPU
	EndGlobalSection
	GlobalSection(SolutionProperties) = preSolution
		HideSolutionNode = FALSE
	EndGlobalSection
	GlobalSection(ExtensibilityGlobals) = postSolution
		SolutionGuid = {2B26B7B2-4E73-4AAB-91F4-7143126DE197}
	EndGlobalSection
EndGlobal
