
Microsoft Visual Studio Solution File, Format Version 12.00
# Visual Studio Version 17
VisualStudioVersion = 17.14.36202.13 d17.14
MinimumVisualStudioVersion = 10.0.40219.1
Project("{FAE04EC0-301F-11D3-BF4B-00C04F79EFBC}") = "HARPHONE Prototipo2", "HARPHONE Prototipo2\HARPHONE Prototipo2.csproj", "{46F6C7BD-785D-4931-ABA5-53FFC05A71F2}"
EndProject
Global
	GlobalSection(SolutionConfigurationPlatforms) = preSolution
		Debug|Any CPU = Debug|Any CPU
		Release|Any CPU = Release|Any CPU
	EndGlobalSection
	GlobalSection(ProjectConfigurationPlatforms) = postSolution
		{46F6C7BD-785D-4931-ABA5-53FFC05A71F2}.Debug|Any CPU.ActiveCfg = Debug|Any CPU
		{46F6C7BD-785D-4931-ABA5-53FFC05A71F2}.Debug|Any CPU.Build.0 = Debug|Any CPU
		{46F6C7BD-785D-4931-ABA5-53FFC05A71F2}.Release|Any CPU.ActiveCfg = Release|Any CPU
		{46F6C7BD-785D-4931-ABA5-53FFC05A71F2}.Release|Any CPU.Build.0 = Release|Any CPU
	EndGlobalSection
	GlobalSection(SolutionProperties) = preSolution
		HideSolutionNode = FALSE
	EndGlobalSection
	GlobalSection(ExtensibilityGlobals) = postSolution
		SolutionGuid = {6AE2FB55-5905-4B31-92F1-0B05CF205D4C}
	EndGlobalSection
EndGlobal
