
Microsoft Visual Studio Solution File, Format Version 12.00
# Visual Studio Version 17
VisualStudioVersion = 17.14.36202.13 d17.14
MinimumVisualStudioVersion = 10.0.40219.1
Project("{FAE04EC0-301F-11D3-BF4B-00C04F79EFBC}") = "Polimorfismo", "Polimorfismo\Polimorfismo.csproj", "{CCFBC311-E40D-4865-83D2-EF6E3C990C1E}"
EndProject
Global
	GlobalSection(SolutionConfigurationPlatforms) = preSolution
		Debug|Any CPU = Debug|Any CPU
		Release|Any CPU = Release|Any CPU
	EndGlobalSection
	GlobalSection(ProjectConfigurationPlatforms) = postSolution
		{CCFBC311-E40D-4865-83D2-EF6E3C990C1E}.Debug|Any CPU.ActiveCfg = Debug|Any CPU
		{CCFBC311-E40D-4865-83D2-EF6E3C990C1E}.Debug|Any CPU.Build.0 = Debug|Any CPU
		{CCFBC311-E40D-4865-83D2-EF6E3C990C1E}.Release|Any CPU.ActiveCfg = Release|Any CPU
		{CCFBC311-E40D-4865-83D2-EF6E3C990C1E}.Release|Any CPU.Build.0 = Release|Any CPU
	EndGlobalSection
	GlobalSection(SolutionProperties) = preSolution
		HideSolutionNode = FALSE
	EndGlobalSection
	GlobalSection(ExtensibilityGlobals) = postSolution
		SolutionGuid = {612E8F4C-3102-47D0-860F-AF7762A89EE7}
	EndGlobalSection
EndGlobal
