
Microsoft Visual Studio Solution File, Format Version 12.00
# Visual Studio Version 17
VisualStudioVersion = 17.14.36202.13 d17.14
MinimumVisualStudioVersion = 10.0.40219.1
Project("{FAE04EC0-301F-11D3-BF4B-00C04F79EFBC}") = "Harphon", "Harphon\Harphon.csproj", "{675647B3-6F55-4E23-B355-F68FC7374E9B}"
EndProject
Global
	GlobalSection(SolutionConfigurationPlatforms) = preSolution
		Debug|Any CPU = Debug|Any CPU
		Release|Any CPU = Release|Any CPU
	EndGlobalSection
	GlobalSection(ProjectConfigurationPlatforms) = postSolution
		{675647B3-6F55-4E23-B355-F68FC7374E9B}.Debug|Any CPU.ActiveCfg = Debug|Any CPU
		{675647B3-6F55-4E23-B355-F68FC7374E9B}.Debug|Any CPU.Build.0 = Debug|Any CPU
		{675647B3-6F55-4E23-B355-F68FC7374E9B}.Release|Any CPU.ActiveCfg = Release|Any CPU
		{675647B3-6F55-4E23-B355-F68FC7374E9B}.Release|Any CPU.Build.0 = Release|Any CPU
	EndGlobalSection
	GlobalSection(SolutionProperties) = preSolution
		HideSolutionNode = FALSE
	EndGlobalSection
	GlobalSection(ExtensibilityGlobals) = postSolution
		SolutionGuid = {11E046CE-4043-458E-947F-4459FC02FA91}
	EndGlobalSection
EndGlobal
