
Microsoft Visual Studio Solution File, Format Version 12.00
# Visual Studio Version 17
VisualStudioVersion = 17.14.36202.13 d17.14
MinimumVisualStudioVersion = 10.0.40219.1
Project("{FAE04EC0-301F-11D3-BF4B-00C04F79EFBC}") = "menu", "menu\menu.csproj", "{C2B74D45-B913-4F26-9F73-7C300173FAD3}"
EndProject
Global
	GlobalSection(SolutionConfigurationPlatforms) = preSolution
		Debug|Any CPU = Debug|Any CPU
		Release|Any CPU = Release|Any CPU
	EndGlobalSection
	GlobalSection(ProjectConfigurationPlatforms) = postSolution
		{C2B74D45-B913-4F26-9F73-7C300173FAD3}.Debug|Any CPU.ActiveCfg = Debug|Any CPU
		{C2B74D45-B913-4F26-9F73-7C300173FAD3}.Debug|Any CPU.Build.0 = Debug|Any CPU
		{C2B74D45-B913-4F26-9F73-7C300173FAD3}.Release|Any CPU.ActiveCfg = Release|Any CPU
		{C2B74D45-B913-4F26-9F73-7C300173FAD3}.Release|Any CPU.Build.0 = Release|Any CPU
	EndGlobalSection
	GlobalSection(SolutionProperties) = preSolution
		HideSolutionNode = FALSE
	EndGlobalSection
	GlobalSection(ExtensibilityGlobals) = postSolution
		SolutionGuid = {22B55B1F-1DAB-4044-A419-9184F7FF4FDB}
	EndGlobalSection
EndGlobal
