
Microsoft Visual Studio Solution File, Format Version 12.00
# Visual Studio Version 17
VisualStudioVersion = 17.14.36202.13 d17.14
MinimumVisualStudioVersion = 10.0.40219.1
Project("{FAE04EC0-301F-11D3-BF4B-00C04F79EFBC}") = "PolimorfismoShapes", "PolimorfismoShapes\PolimorfismoShapes.csproj", "{A0F4532A-78FD-4EA8-9B24-C4E6448BCB61}"
EndProject
Global
	GlobalSection(SolutionConfigurationPlatforms) = preSolution
		Debug|Any CPU = Debug|Any CPU
		Release|Any CPU = Release|Any CPU
	EndGlobalSection
	GlobalSection(ProjectConfigurationPlatforms) = postSolution
		{A0F4532A-78FD-4EA8-9B24-C4E6448BCB61}.Debug|Any CPU.ActiveCfg = Debug|Any CPU
		{A0F4532A-78FD-4EA8-9B24-C4E6448BCB61}.Debug|Any CPU.Build.0 = Debug|Any CPU
		{A0F4532A-78FD-4EA8-9B24-C4E6448BCB61}.Release|Any CPU.ActiveCfg = Release|Any CPU
		{A0F4532A-78FD-4EA8-9B24-C4E6448BCB61}.Release|Any CPU.Build.0 = Release|Any CPU
	EndGlobalSection
	GlobalSection(SolutionProperties) = preSolution
		HideSolutionNode = FALSE
	EndGlobalSection
	GlobalSection(ExtensibilityGlobals) = postSolution
		SolutionGuid = {04AFDB8B-F5FD-4364-A543-8043057E5166}
	EndGlobalSection
EndGlobal
